// !$*UTF8*$!
{
	archiveVersion = 1;
	classes = {
	};
	objectVersion = 46;
	objects = {
		AA4EF799F050B309F0984D8E = {
			isa = PBXBuildFile;
			fileRef = 9E16E8C7415D872A54F62BEA;
		};
		C996DDCDE483546A4C7AFF92 = {
			isa = PBXBuildFile;
			fileRef = 201BCA9F34AF06A34EC45A9C;
		};
		D5F09AF5626E3808D9D887DC = {
			isa = PBXBuildFile;
			fileRef = BF4E995B49674574304735EC;
		};
		892FEA617B778C48811713F4 = {
			isa = PBXBuildFile;
			fileRef = 301A638706BFF98CB7F086EB;
		};
		7E904B93ADC9E04948D80689 = {
			isa = PBXBuildFile;
			fileRef = 1389903CE79384749D08FE6E;
		};
		9EF33612620F89C15AAD0F54 = {
			isa = PBXBuildFile;
			fileRef = BB0610F6DD3077A1A4733922;
		};
		6ECF8D9F34AEBCD6246E707C = {
			isa = PBXBuildFile;
			fileRef = C7F84DB5FC52BF1B4DE3A4BE;
		};
		21BF9B789AA228EAB515194D = {
			isa = PBXBuildFile;
			fileRef = 063E68DA54AE15133B4280E6;
		};
		7C39B602903FB8E0CF3768CD = {
			isa = PBXBuildFile;
			fileRef = F102FB2D76BAD770EF3BE4F8;
		};
		8EC824D2488B911B462C06C2 = {
			isa = PBXBuildFile;
			fileRef = 30DCEACB0CC55F9B9CD3E7B9;
		};
		882D7A6297593A91726306D1 = {
			isa = PBXBuildFile;
			fileRef = EA1383ACAC4683D15FD5427D;
		};
		D17EDBE54F5726D0E6A2AE8E = {
			isa = PBXBuildFile;
			fileRef = DF02DEEBEAA3EE7020ECDDE5;
		};
		3A711F03A182EE01E78E23EF = {
			isa = PBXBuildFile;
			fileRef = 33F224BF213F9C517EFBAAE1;
		};
		073A2238319837C65AD10DFE = {
			isa = PBXBuildFile;
			fileRef = 7039FBEE0B2220A3B1D2D7B0;
		};
		8FFFB59F7619F67D0A1AB411 = {
			isa = PBXBuildFile;
			fileRef = 0B6C5C7A157A8951325EAB38;
		};
		EAB7A9941167AEAF40E415D6 = {
			isa = PBXBuildFile;
			fileRef = 457D8AC044D49B44A3AF21BD;
		};
		73554B4EDB925DC4D5A08449 = {
			isa = PBXBuildFile;
			fileRef = 8C38DF3C7CE7E33C50CC77E9;
		};
		C68C5CF3417F161AD69AC86C = {
			isa = PBXBuildFile;
			fileRef = FDAC93C99BA10E7CE82B808B;
		};
		8B67D12A0AD2F2635E31A2FD = {
			isa = PBXBuildFile;
			fileRef = 9F02F08F9B8AAA8E77767927;
		};
		C3411A4572D9D10B86017409 = {
			isa = PBXBuildFile;
			fileRef = E642C21855D3FC39BAC34F51;
		};
		718518E011C2F3125DCD2481 = {
			isa = PBXBuildFile;
			fileRef = 58B6A06D3E14AC1F14E0095E;
		};
		1F08AF6DF9C6D881A6F2FF70 = {
			isa = PBXBuildFile;
			fileRef = B9792B20970A6F27C1DAA209;
		};
		26FBF05DCE4FF0DD19E06658 = {
			isa = PBXBuildFile;
			fileRef = 26682B0FF2677DE965848AF1;
		};
		60A68AD44E5EBE9470A18AC6 = {
			isa = PBXBuildFile;
			fileRef = 34F4B251D6DBA46209AD1F78;
		};
		65FF456536F93DC72653E98F = {
			isa = PBXBuildFile;
			fileRef = DC9D40A1B9025373EA176990;
		};
		300F78C76BFC78C64C0F32F0 = {
			isa = PBXBuildFile;
			fileRef = C7DA123A2AB91EFF0A81E0C3;
		};
		4146E2E4EAF4DAF5E405405E = {
			isa = PBXBuildFile;
			fileRef = C81358DE9DC3F740FF9EDE99;
		};
		E7A067306F4FB85D6814267E = {
			isa = PBXBuildFile;
			fileRef = D308DD4FF1D8DB740A130969;
		};
		A22E61B1615D3903E038F41A = {
			isa = PBXBuildFile;
			fileRef = E48D23AE34FA735E75063607;
		};
		0B3D954249CC1FA29ADC0F27 = {
			isa = PBXBuildFile;
			fileRef = 51193B0C318AECFD6BAEE22C;
		};
		E6485110ACE6CF0E0C399B56 = {
			isa = PBXBuildFile;
			fileRef = 189AEBBA1F997C09DEF8514C;
		};
		B545146481DD23C95F504A94 = {
			isa = PBXBuildFile;
			fileRef = 521FA05FB5B3E8E85F374402;
		};
		BAEF4F8D09DC5782F27E4148 = {
			isa = PBXBuildFile;
			fileRef = FE4809537E0406086D0F66E4;
		};
		77B417127F980EEB61E3DDA6 = {
			isa = PBXBuildFile;
			fileRef = C75909287AF22E745B225D80;
		};
		6A566BFA82D3C15FA74A185A = {
			isa = PBXBuildFile;
			fileRef = C312E9C88D405B68C6231F66;
		};
		580162A0A7EC9165F9B4ED88 = {
			isa = PBXBuildFile;
			fileRef = 922E6116303BCD62E72EB101;
		};
		42B2458DE993365A2F9FF076 = {
			isa = PBXBuildFile;
			fileRef = DC091C67B2527B3BA9FDB871;
		};
		8844F4601501A27EDF02CE8B = {
			isa = PBXBuildFile;
			fileRef = 3387CB7BC0E585E74324B96D;
		};
		38ACE9C4A2E8A7AE523A15F7 = {
			isa = PBXBuildFile;
			fileRef = 922E67E30D6E5EE6C7E4AE7C;
		};
		12D3DDF4EE87271C2F4CA9EA = {
			isa = PBXBuildFile;
			fileRef = 5AC82F76E374FB36FABDBD07;
		};
		75B42BBED1D210D18882689B = {
			isa = PBXBuildFile;
			fileRef = F3CA2FD95011360F818AA0A8;
		};
		063E68DA54AE15133B4280E6 = {
			isa = PBXFileReference;
			lastKnownFileType = wrapper.framework;
			name = Cocoa.framework;
			path = System/Library/Frameworks/Cocoa.framework;
			sourceTree = SDKROOT;
		};
		0B6C5C7A157A8951325EAB38 = {
			isa = PBXFileReference;
			lastKnownFileType = wrapper.framework;
			name = QuartzCore.framework;
			path = System/Library/Frameworks/QuartzCore.framework;
			sourceTree = SDKROOT;
		};
		0C047874F95347375C9CD7BF = {
			isa = PBXFileReference;
			lastKnownFileType = sourcecode.c.h;
			name = JuceHeader.h;
			path = ../../JuceLibraryCode/JuceHeader.h;
			sourceTree = "SOURCE_ROOT";
		};
		0CFECB0CB2104D7BD85BAC23 = {
			isa = PBXFileReference;
			lastKnownFileType = text.plist.xml;
			name = "Info-AU.plist";
			path = "Info-AU.plist";
			sourceTree = "SOURCE_ROOT";
		};
		1389903CE79384749D08FE6E = {
			isa = PBXFileReference;
			lastKnownFileType = wrapper.framework;
			name = Accelerate.framework;
			path = System/Library/Frameworks/Accelerate.framework;
			sourceTree = SDKROOT;
		};
		188AFA9994398C260E9FA999 = {
			isa = PBXFileReference;
			lastKnownFileType = file;
			name = "juce_graphics";
			path = "/Users/thethamespond/Downloads/JUCE/modules/juce_graphics";
			sourceTree = "<absolute>";
		};
		189AEBBA1F997C09DEF8514C = {
			isa = PBXFileReference;
			lastKnownFileType = sourcecode.cpp.cpp;
			name = "include_juce_audio_plugin_client_VST3.cpp";
			path = "../../JuceLibraryCode/include_juce_audio_plugin_client_VST3.cpp";
			sourceTree = "SOURCE_ROOT";
		};
		204B079340D1AF266C4A214D = {
			isa = PBXFileReference;
			lastKnownFileType = sourcecode.c.h;
			name = ADSRComponent.h;
			path = ../../Source/ADSRComponent.h;
			sourceTree = "SOURCE_ROOT";
		};
		26682B0FF2677DE965848AF1 = {
			isa = PBXFileReference;
			lastKnownFileType = sourcecode.cpp.objcpp;
			name = "include_juce_audio_basics.mm";
			path = "../../JuceLibraryCode/include_juce_audio_basics.mm";
			sourceTree = "SOURCE_ROOT";
		};
		9E16E8C7415D872A54F62BEA = {
			isa = PBXFileReference;
			explicitFileType = wrapper.cfbundle;
			includeInIndex = 0;
			path = SampleR.vst3;
			sourceTree = "BUILT_PRODUCTS_DIR";
		};
		201BCA9F34AF06A34EC45A9C = {
			isa = PBXFileReference;
			explicitFileType = wrapper.cfbundle;
			includeInIndex = 0;
			path = SampleR.component;
			sourceTree = "BUILT_PRODUCTS_DIR";
		};
		2DD10ABF646D4257E2748A5D = {
			isa = PBXFileReference;
			lastKnownFileType = file;
			name = "juce_opengl";
			path = "/Users/thethamespond/Downloads/JUCE/modules/juce_opengl";
			sourceTree = "<absolute>";
		};
		301A638706BFF98CB7F086EB = {
			isa = PBXFileReference;
			lastKnownFileType = wrapper.framework;
			name = AudioUnit.framework;
			path = System/Library/Frameworks/AudioUnit.framework;
			sourceTree = SDKROOT;
		};
		30DCEACB0CC55F9B9CD3E7B9 = {
			isa = PBXFileReference;
			lastKnownFileType = wrapper.framework;
			name = CoreAudioKit.framework;
			path = System/Library/Frameworks/CoreAudioKit.framework;
			sourceTree = SDKROOT;
		};
		3387CB7BC0E585E74324B96D = {
			isa = PBXFileReference;
			lastKnownFileType = sourcecode.cpp.objcpp;
			name = "include_juce_graphics.mm";
			path = "../../JuceLibraryCode/include_juce_graphics.mm";
			sourceTree = "SOURCE_ROOT";
		};
		33F224BF213F9C517EFBAAE1 = {
			isa = PBXFileReference;
			lastKnownFileType = wrapper.framework;
			name = IOKit.framework;
			path = System/Library/Frameworks/IOKit.framework;
			sourceTree = SDKROOT;
		};
		34F4B251D6DBA46209AD1F78 = {
			isa = PBXFileReference;
			lastKnownFileType = sourcecode.cpp.objcpp;
			name = "include_juce_audio_devices.mm";
			path = "../../JuceLibraryCode/include_juce_audio_devices.mm";
			sourceTree = "SOURCE_ROOT";
		};
		457D8AC044D49B44A3AF21BD = {
			isa = PBXFileReference;
			lastKnownFileType = wrapper.framework;
			name = WebKit.framework;
			path = System/Library/Frameworks/WebKit.framework;
			sourceTree = SDKROOT;
		};
		48324F3AF6D10D834C1626FF = {
			isa = PBXFileReference;
			lastKnownFileType = file;
			name = "juce_events";
			path = "/Users/thethamespond/Downloads/JUCE/modules/juce_events";
			sourceTree = "<absolute>";
		};
		51193B0C318AECFD6BAEE22C = {
			isa = PBXFileReference;
			lastKnownFileType = sourcecode.cpp.objcpp;
			name = "include_juce_audio_plugin_client_VST_utils.mm";
			path = "../../JuceLibraryCode/include_juce_audio_plugin_client_VST_utils.mm";
			sourceTree = "SOURCE_ROOT";
		};
		521FA05FB5B3E8E85F374402 = {
			isa = PBXFileReference;
			lastKnownFileType = sourcecode.cpp.objcpp;
			name = "include_juce_audio_processors.mm";
			path = "../../JuceLibraryCode/include_juce_audio_processors.mm";
			sourceTree = "SOURCE_ROOT";
		};
		57F570FAEA79C464BC1E3329 = {
			isa = PBXFileReference;
			lastKnownFileType = file;
			name = "juce_data_structures";
			path = "/Users/thethamespond/Downloads/JUCE/modules/juce_data_structures";
			sourceTree = "<absolute>";
		};
		58B6A06D3E14AC1F14E0095E = {
			isa = PBXFileReference;
			lastKnownFileType = sourcecode.cpp.cpp;
			name = ADSRComponent.cpp;
			path = ../../Source/ADSRComponent.cpp;
			sourceTree = "SOURCE_ROOT";
		};
		5AC82F76E374FB36FABDBD07 = {
			isa = PBXFileReference;
			lastKnownFileType = sourcecode.cpp.objcpp;
			name = "include_juce_gui_extra.mm";
			path = "../../JuceLibraryCode/include_juce_gui_extra.mm";
			sourceTree = "SOURCE_ROOT";
		};
		5F5A0FAA42BE05A2115A1944 = {
			isa = PBXFileReference;
			lastKnownFileType = file;
			name = "juce_audio_devices";
			path = "/Users/thethamespond/Downloads/JUCE/modules/juce_audio_devices";
			sourceTree = "<absolute>";
		};
		637EC5AD3F767E023FBA04BF = {
			isa = PBXFileReference;
			lastKnownFileType = image.png;
			name = meta.png;
			path = ../../resources/meta.png;
			sourceTree = "SOURCE_ROOT";
		};
		6F3A9D553D1E5627997D42CE = {
			isa = PBXFileReference;
			lastKnownFileType = file;
			name = "juce_core";
			path = "/Users/thethamespond/Downloads/JUCE/modules/juce_core";
			sourceTree = "<absolute>";
		};
		7039FBEE0B2220A3B1D2D7B0 = {
			isa = PBXFileReference;
			lastKnownFileType = wrapper.framework;
			name = OpenGL.framework;
			path = System/Library/Frameworks/OpenGL.framework;
			sourceTree = SDKROOT;
		};
		85E7784EA595827318C050CC = {
			isa = PBXFileReference;
			lastKnownFileType = file;
			name = "juce_gui_extra";
			path = "/Users/thethamespond/Downloads/JUCE/modules/juce_gui_extra";
			sourceTree = "<absolute>";
		};
		88340F57BC38360E85368BD9 = {
			isa = PBXFileReference;
			lastKnownFileType = file;
			name = "juce_audio_processors";
			path = "/Users/thethamespond/Downloads/JUCE/modules/juce_audio_processors";
			sourceTree = "<absolute>";
		};
		8C38DF3C7CE7E33C50CC77E9 = {
			isa = PBXFileReference;
			lastKnownFileType = file.nib;
			name = RecentFilesMenuTemplate.nib;
			path = RecentFilesMenuTemplate.nib;
			sourceTree = "SOURCE_ROOT";
		};
		922E6116303BCD62E72EB101 = {
			isa = PBXFileReference;
			lastKnownFileType = sourcecode.cpp.objcpp;
			name = "include_juce_data_structures.mm";
			path = "../../JuceLibraryCode/include_juce_data_structures.mm";
			sourceTree = "SOURCE_ROOT";
		};
		922E67E30D6E5EE6C7E4AE7C = {
			isa = PBXFileReference;
			lastKnownFileType = sourcecode.cpp.objcpp;
			name = "include_juce_gui_basics.mm";
			path = "../../JuceLibraryCode/include_juce_gui_basics.mm";
			sourceTree = "SOURCE_ROOT";
		};
		9DF3768CC2881A2A8881EE03 = {
			isa = PBXFileReference;
			lastKnownFileType = file;
			name = "juce_audio_formats";
			path = "/Users/thethamespond/Downloads/JUCE/modules/juce_audio_formats";
			sourceTree = "<absolute>";
		};
		9F02F08F9B8AAA8E77767927 = {
			isa = PBXFileReference;
			lastKnownFileType = sourcecode.cpp.cpp;
			name = PluginEditor.cpp;
			path = ../../Source/PluginEditor.cpp;
			sourceTree = "SOURCE_ROOT";
		};
		A5FE9C0DDC9C7AAFD6A1620B = {
			isa = PBXFileReference;
			lastKnownFileType = sourcecode.c.h;
			name = PluginProcessor.h;
			path = ../../Source/PluginProcessor.h;
			sourceTree = "SOURCE_ROOT";
		};
		A8F96904E676F1A556F0929E = {
			isa = PBXFileReference;
			lastKnownFileType = sourcecode.c.h;
			name = JucePluginDefines.h;
			path = ../../JuceLibraryCode/JucePluginDefines.h;
			sourceTree = "SOURCE_ROOT";
		};
		AB4A3E65E9CC550A90B94BCD = {
			isa = PBXFileReference;
			lastKnownFileType = file;
			name = "juce_cryptography";
			path = "/Users/thethamespond/Downloads/JUCE/modules/juce_cryptography";
			sourceTree = "<absolute>";
		};
		B751C51F12CE4E840E35A084 = {
			isa = PBXFileReference;
			lastKnownFileType = file;
			name = "juce_audio_utils";
			path = "/Users/thethamespond/Downloads/JUCE/modules/juce_audio_utils";
			sourceTree = "<absolute>";
		};
		B9792B20970A6F27C1DAA209 = {
			isa = PBXFileReference;
			lastKnownFileType = sourcecode.cpp.cpp;
			name = BinaryData.cpp;
			path = ../../JuceLibraryCode/BinaryData.cpp;
			sourceTree = "SOURCE_ROOT";
		};
		B9C7B127A20829E4CCB23BA0 = {
			isa = PBXFileReference;
			lastKnownFileType = file;
			name = "juce_audio_plugin_client";
			path = "/Users/thethamespond/Downloads/JUCE/modules/juce_audio_plugin_client";
			sourceTree = "<absolute>";
		};
		BB0610F6DD3077A1A4733922 = {
			isa = PBXFileReference;
			lastKnownFileType = wrapper.framework;
			name = AudioToolbox.framework;
			path = System/Library/Frameworks/AudioToolbox.framework;
			sourceTree = SDKROOT;
		};
		BF4E995B49674574304735EC = {
			isa = PBXFileReference;
			explicitFileType = archive.ar;
			includeInIndex = 0;
			path = libSampleR.a;
			sourceTree = "BUILT_PRODUCTS_DIR";
		};
		C312E9C88D405B68C6231F66 = {
			isa = PBXFileReference;
			lastKnownFileType = sourcecode.cpp.objcpp;
			name = "include_juce_cryptography.mm";
			path = "../../JuceLibraryCode/include_juce_cryptography.mm";
			sourceTree = "SOURCE_ROOT";
		};
		C4BAF24B95D0A1D6CA776ADF = {
			isa = PBXFileReference;
			lastKnownFileType = file;
			name = "juce_gui_basics";
			path = "/Users/thethamespond/Downloads/JUCE/modules/juce_gui_basics";
			sourceTree = "<absolute>";
		};
		C75909287AF22E745B225D80 = {
			isa = PBXFileReference;
			lastKnownFileType = sourcecode.cpp.objcpp;
			name = "include_juce_core.mm";
			path = "../../JuceLibraryCode/include_juce_core.mm";
			sourceTree = "SOURCE_ROOT";
		};
		C7DA123A2AB91EFF0A81E0C3 = {
			isa = PBXFileReference;
			lastKnownFileType = file.r;
			name = "include_juce_audio_plugin_client_AU.r";
			path = "../../JuceLibraryCode/include_juce_audio_plugin_client_AU.r";
			sourceTree = "SOURCE_ROOT";
		};
		C7F84DB5FC52BF1B4DE3A4BE = {
			isa = PBXFileReference;
			lastKnownFileType = wrapper.framework;
			name = Carbon.framework;
			path = System/Library/Frameworks/Carbon.framework;
			sourceTree = SDKROOT;
		};
		C81358DE9DC3F740FF9EDE99 = {
			isa = PBXFileReference;
			lastKnownFileType = sourcecode.cpp.objcpp;
			name = "include_juce_audio_plugin_client_AU_1.mm";
			path = "../../JuceLibraryCode/include_juce_audio_plugin_client_AU_1.mm";
			sourceTree = "SOURCE_ROOT";
		};
		D308DD4FF1D8DB740A130969 = {
			isa = PBXFileReference;
			lastKnownFileType = sourcecode.cpp.objcpp;
			name = "include_juce_audio_plugin_client_AU_2.mm";
			path = "../../JuceLibraryCode/include_juce_audio_plugin_client_AU_2.mm";
			sourceTree = "SOURCE_ROOT";
		};
		DC091C67B2527B3BA9FDB871 = {
			isa = PBXFileReference;
			lastKnownFileType = sourcecode.cpp.objcpp;
			name = "include_juce_events.mm";
			path = "../../JuceLibraryCode/include_juce_events.mm";
			sourceTree = "SOURCE_ROOT";
		};
		DC9D40A1B9025373EA176990 = {
			isa = PBXFileReference;
			lastKnownFileType = sourcecode.cpp.objcpp;
			name = "include_juce_audio_formats.mm";
			path = "../../JuceLibraryCode/include_juce_audio_formats.mm";
			sourceTree = "SOURCE_ROOT";
		};
		DE784094DFD7BA3816221B23 = {
			isa = PBXFileReference;
			lastKnownFileType = sourcecode.c.h;
			name = BinaryData.h;
			path = ../../JuceLibraryCode/BinaryData.h;
			sourceTree = "SOURCE_ROOT";
		};
		DF02DEEBEAA3EE7020ECDDE5 = {
			isa = PBXFileReference;
			lastKnownFileType = wrapper.framework;
			name = DiscRecording.framework;
			path = System/Library/Frameworks/DiscRecording.framework;
			sourceTree = SDKROOT;
		};
		E48D23AE34FA735E75063607 = {
			isa = PBXFileReference;
			lastKnownFileType = sourcecode.cpp.cpp;
			name = "include_juce_audio_plugin_client_utils.cpp";
			path = "../../JuceLibraryCode/include_juce_audio_plugin_client_utils.cpp";
			sourceTree = "SOURCE_ROOT";
		};
		E4C2F953DBE3A5D7A6919936 = {
			isa = PBXFileReference;
			lastKnownFileType = file;
			name = "juce_audio_basics";
			path = "/Users/thethamespond/Downloads/JUCE/modules/juce_audio_basics";
			sourceTree = "<absolute>";
		};
		E6146258B233FE479ADDA4C3 = {
			isa = PBXFileReference;
			lastKnownFileType = sourcecode.c.h;
			name = PluginEditor.h;
			path = ../../Source/PluginEditor.h;
			sourceTree = "SOURCE_ROOT";
		};
		E642C21855D3FC39BAC34F51 = {
			isa = PBXFileReference;
			lastKnownFileType = sourcecode.cpp.cpp;
			name = wavethumb.cpp;
			path = ../../Source/wavethumb.cpp;
			sourceTree = "SOURCE_ROOT";
		};
		E6590EFFDD71AEA4A4A7E363 = {
			isa = PBXFileReference;
			lastKnownFileType = sourcecode.c.h;
			name = wavethumb.h;
			path = ../../Source/wavethumb.h;
			sourceTree = "SOURCE_ROOT";
		};
		EA1383ACAC4683D15FD5427D = {
			isa = PBXFileReference;
			lastKnownFileType = wrapper.framework;
			name = CoreMIDI.framework;
			path = System/Library/Frameworks/CoreMIDI.framework;
			sourceTree = SDKROOT;
		};
		F102FB2D76BAD770EF3BE4F8 = {
			isa = PBXFileReference;
			lastKnownFileType = wrapper.framework;
			name = CoreAudio.framework;
			path = System/Library/Frameworks/CoreAudio.framework;
			sourceTree = SDKROOT;
		};
		F3CA2FD95011360F818AA0A8 = {
			isa = PBXFileReference;
			lastKnownFileType = sourcecode.cpp.objcpp;
			name = "include_juce_opengl.mm";
			path = "../../JuceLibraryCode/include_juce_opengl.mm";
			sourceTree = "SOURCE_ROOT";
		};
		F55E8F31A9D20E0C91A46108 = {
			isa = PBXFileReference;
			lastKnownFileType = sourcecode.c.h;
			name = AppConfig.h;
			path = ../../JuceLibraryCode/AppConfig.h;
			sourceTree = "SOURCE_ROOT";
		};
		FBC1FA44D1D532AA3A04B779 = {
			isa = PBXFileReference;
			lastKnownFileType = text.plist.xml;
			name = "Info-VST3.plist";
			path = "Info-VST3.plist";
			sourceTree = "SOURCE_ROOT";
		};
		FDAC93C99BA10E7CE82B808B = {
			isa = PBXFileReference;
			lastKnownFileType = sourcecode.cpp.cpp;
			name = PluginProcessor.cpp;
			path = ../../Source/PluginProcessor.cpp;
			sourceTree = "SOURCE_ROOT";
		};
		FE4809537E0406086D0F66E4 = {
			isa = PBXFileReference;
			lastKnownFileType = sourcecode.cpp.objcpp;
			name = "include_juce_audio_utils.mm";
			path = "../../JuceLibraryCode/include_juce_audio_utils.mm";
			sourceTree = "SOURCE_ROOT";
		};
		C37571E76570BE2E8161EA13 = {
			isa = PBXGroup;
			children = (
				FDAC93C99BA10E7CE82B808B,
				A5FE9C0DDC9C7AAFD6A1620B,
				9F02F08F9B8AAA8E77767927,
				E6146258B233FE479ADDA4C3,
			);
			name = Source;
			sourceTree = "<group>";
		};
		82C6F2ABE4D385873B956095 = {
			isa = PBXGroup;
			children = (
				637EC5AD3F767E023FBA04BF,
			);
			name = resources;
			sourceTree = "<group>";
		};
		75218AB73A3739DE8A63AA88 = {
			isa = PBXGroup;
			children = (
				C37571E76570BE2E8161EA13,
				E642C21855D3FC39BAC34F51,
				E6590EFFDD71AEA4A4A7E363,
				58B6A06D3E14AC1F14E0095E,
				204B079340D1AF266C4A214D,
				82C6F2ABE4D385873B956095,
			);
			name = SampleR;
			sourceTree = "<group>";
		};
		4A7798CE0741FAE9B291FDAC = {
			isa = PBXGroup;
			children = (
				E4C2F953DBE3A5D7A6919936,
				5F5A0FAA42BE05A2115A1944,
				9DF3768CC2881A2A8881EE03,
				B9C7B127A20829E4CCB23BA0,
				88340F57BC38360E85368BD9,
				B751C51F12CE4E840E35A084,
				6F3A9D553D1E5627997D42CE,
				AB4A3E65E9CC550A90B94BCD,
				57F570FAEA79C464BC1E3329,
				48324F3AF6D10D834C1626FF,
				188AFA9994398C260E9FA999,
				C4BAF24B95D0A1D6CA776ADF,
				85E7784EA595827318C050CC,
				2DD10ABF646D4257E2748A5D,
			);
			name = "JUCE Modules";
			sourceTree = "<group>";
		};
		75CE40A7CBA5166AC07CE7C6 = {
			isa = PBXGroup;
			children = (
				F55E8F31A9D20E0C91A46108,
				B9792B20970A6F27C1DAA209,
				DE784094DFD7BA3816221B23,
				26682B0FF2677DE965848AF1,
				34F4B251D6DBA46209AD1F78,
				DC9D40A1B9025373EA176990,
				C7DA123A2AB91EFF0A81E0C3,
				C81358DE9DC3F740FF9EDE99,
				D308DD4FF1D8DB740A130969,
				E48D23AE34FA735E75063607,
				51193B0C318AECFD6BAEE22C,
				189AEBBA1F997C09DEF8514C,
				521FA05FB5B3E8E85F374402,
				FE4809537E0406086D0F66E4,
				C75909287AF22E745B225D80,
				C312E9C88D405B68C6231F66,
				922E6116303BCD62E72EB101,
				DC091C67B2527B3BA9FDB871,
				3387CB7BC0E585E74324B96D,
				922E67E30D6E5EE6C7E4AE7C,
				5AC82F76E374FB36FABDBD07,
				F3CA2FD95011360F818AA0A8,
				0C047874F95347375C9CD7BF,
				A8F96904E676F1A556F0929E,
			);
			name = "JUCE Library Code";
			sourceTree = "<group>";
		};
		DAC964DB2A5B5D08FE3C21F1 = {
			isa = PBXGroup;
			children = (
				FBC1FA44D1D532AA3A04B779,
				0CFECB0CB2104D7BD85BAC23,
				8C38DF3C7CE7E33C50CC77E9,
			);
			name = Resources;
			sourceTree = "<group>";
		};
		8585E128D33396BBF190212E = {
			isa = PBXGroup;
			children = (
				301A638706BFF98CB7F086EB,
				1389903CE79384749D08FE6E,
				BB0610F6DD3077A1A4733922,
				C7F84DB5FC52BF1B4DE3A4BE,
				063E68DA54AE15133B4280E6,
				F102FB2D76BAD770EF3BE4F8,
				30DCEACB0CC55F9B9CD3E7B9,
				EA1383ACAC4683D15FD5427D,
				DF02DEEBEAA3EE7020ECDDE5,
				33F224BF213F9C517EFBAAE1,
				7039FBEE0B2220A3B1D2D7B0,
				0B6C5C7A157A8951325EAB38,
				457D8AC044D49B44A3AF21BD,
			);
			name = Frameworks;
			sourceTree = "<group>";
		};
		4BEAF2B832D58C62F4040BA3 = {
			isa = PBXGroup;
			children = (
				9E16E8C7415D872A54F62BEA,
				201BCA9F34AF06A34EC45A9C,
				BF4E995B49674574304735EC,
			);
			name = Products;
			sourceTree = "<group>";
		};
		609C6357DA10EF4DB83E9653 = {
			isa = PBXGroup;
			children = (
				75218AB73A3739DE8A63AA88,
				4A7798CE0741FAE9B291FDAC,
				75CE40A7CBA5166AC07CE7C6,
				DAC964DB2A5B5D08FE3C21F1,
				8585E128D33396BBF190212E,
				4BEAF2B832D58C62F4040BA3,
			);
			name = Source;
			sourceTree = "<group>";
		};
		0C1CBB71584AD8AB7D9A9B93 = {
			isa = PBXTargetDependency;
			target = D528E705F61CF4187E79F036;
		};
		E5F1A907236A01E3FC0084A9 = {
			isa = PBXTargetDependency;
			target = 4ADD9CD9A4B9BDC66C471CA1;
		};
		9D78B39EA17CAC51AFB7EFCE = {
			isa = PBXTargetDependency;
			target = 80191129EEF359FC39BA5189;
		};
		0D747EA85E7FEB820ED8EB1A = {
			isa = PBXTargetDependency;
			target = 80191129EEF359FC39BA5189;
		};
		8655038CA091F3B8B95F3A31 = {
			isa = PBXTargetDependency;
			target = 80191129EEF359FC39BA5189;
		};
		051E7C0953F652039389C5A0 = {
			isa = XCBuildConfiguration;
			buildSettings = {
				MACOSX_DEPLOYMENT_TARGET = 10.11;
				SDKROOT = macosx;
			};
			name = Debug;
		};
		1F5C394FAEF136FCA421487A = {
			isa = XCBuildConfiguration;
			buildSettings = {
				MACOSX_DEPLOYMENT_TARGET = 10.11;
				SDKROOT = macosx;
			};
			name = Release;
		};
		A06DC798C4F69E65B73C88F1 = {
			isa = XCBuildConfiguration;
			buildSettings = {
				CLANG_CXX_LANGUAGE_STANDARD = "c++14";
				CLANG_CXX_LIBRARY = "libc++";
				CLANG_LINK_OBJC_RUNTIME = NO;
				CODE_SIGN_IDENTITY = "";
				COMBINE_HIDPI_IMAGES = YES;
				CONFIGURATION_BUILD_DIR = "$(PROJECT_DIR)/build/$(CONFIGURATION)";
				COPY_PHASE_STRIP = NO;
				DEPLOYMENT_LOCATION = YES;
				DSTROOT = /;
				GCC_DYNAMIC_NO_PIC = NO;
				GCC_OPTIMIZATION_LEVEL = 0;
				GCC_PREPROCESSOR_DEFINITIONS = (
					"_DEBUG=1",
					"DEBUG=1",
					"JUCER_XCODE_MAC_F6D2F4CF=1",
					"JUCE_APP_VERSION=1.0.0",
					"JUCE_APP_VERSION_HEX=0x10000",
					"JucePlugin_Build_VST=0",
					"JucePlugin_Build_VST3=1",
					"JucePlugin_Build_AU=0",
					"JucePlugin_Build_AUv3=0",
					"JucePlugin_Build_RTAS=0",
					"JucePlugin_Build_AAX=0",
					"JucePlugin_Build_Standalone=0",
					"JucePlugin_Build_Unity=0",
				);
				GCC_VERSION = com.apple.compilers.llvm.clang.1_0;
				GENERATE_PKGINFO_FILE = YES;
				HEADER_SEARCH_PATHS = (
					"/Users/thethamespond/Downloads/JUCE/modules/juce_audio_processors/format_types/VST3_SDK",
					"../../JuceLibraryCode",
					"/Users/thethamespond/Downloads/JUCE/modules",
					"/Users/thethamespond/Downloads/JUCE/modules/juce_audio_plugin_client",
					"$(inherited)",
				);
				INFOPLIST_FILE = Info-VST3.plist;
				INFOPLIST_PREPROCESS = NO;
				INSTALL_PATH = "$(HOME)/Library/Audio/Plug-Ins/VST3/";
				LIBRARY_STYLE = Bundle;
				MACOSX_DEPLOYMENT_TARGET = 10.11;
				OTHER_LDFLAGS = "-bundle -lSampleR";
				PRODUCT_BUNDLE_IDENTIFIER = com.MetA.SampleR;
				PRODUCT_NAME = "SampleR";
				USE_HEADERMAP = NO;
				WRAPPER_EXTENSION = vst3;
			};
			name = Debug;
		};
		1D219E8FDE9104FB498E9092 = {
			isa = XCBuildConfiguration;
			buildSettings = {
				CLANG_CXX_LANGUAGE_STANDARD = "c++14";
				CLANG_CXX_LIBRARY = "libc++";
				CLANG_LINK_OBJC_RUNTIME = NO;
				CODE_SIGN_IDENTITY = "";
				COMBINE_HIDPI_IMAGES = YES;
				CONFIGURATION_BUILD_DIR = "$(PROJECT_DIR)/build/$(CONFIGURATION)";
				DEAD_CODE_STRIPPING = YES;
				DEPLOYMENT_LOCATION = YES;
				DSTROOT = /;
				GCC_GENERATE_DEBUGGING_SYMBOLS = NO;
				GCC_OPTIMIZATION_LEVEL = 3;
				GCC_PREPROCESSOR_DEFINITIONS = (
					"_NDEBUG=1",
					"NDEBUG=1",
					"JUCER_XCODE_MAC_F6D2F4CF=1",
					"JUCE_APP_VERSION=1.0.0",
					"JUCE_APP_VERSION_HEX=0x10000",
					"JucePlugin_Build_VST=0",
					"JucePlugin_Build_VST3=1",
					"JucePlugin_Build_AU=0",
					"JucePlugin_Build_AUv3=0",
					"JucePlugin_Build_RTAS=0",
					"JucePlugin_Build_AAX=0",
					"JucePlugin_Build_Standalone=0",
					"JucePlugin_Build_Unity=0",
				);
				GCC_VERSION = com.apple.compilers.llvm.clang.1_0;
				GENERATE_PKGINFO_FILE = YES;
				HEADER_SEARCH_PATHS = (
					"/Users/thethamespond/Downloads/JUCE/modules/juce_audio_processors/format_types/VST3_SDK",
					"../../JuceLibraryCode",
					"/Users/thethamespond/Downloads/JUCE/modules",
					"/Users/thethamespond/Downloads/JUCE/modules/juce_audio_plugin_client",
					"$(inherited)",
				);
				INFOPLIST_FILE = Info-VST3.plist;
				INFOPLIST_PREPROCESS = NO;
				INSTALL_PATH = "$(HOME)/Library/Audio/Plug-Ins/VST3/";
				LIBRARY_STYLE = Bundle;
				LLVM_LTO = YES;
				MACOSX_DEPLOYMENT_TARGET = 10.11;
				OTHER_LDFLAGS = "-bundle -lSampleR";
				PRODUCT_BUNDLE_IDENTIFIER = com.MetA.SampleR;
				PRODUCT_NAME = "SampleR";
				USE_HEADERMAP = NO;
				WRAPPER_EXTENSION = vst3;
			};
			name = Release;
		};
		47356137041BF34255475505 = {
			isa = XCBuildConfiguration;
			buildSettings = {
				CLANG_CXX_LANGUAGE_STANDARD = "c++14";
				CLANG_CXX_LIBRARY = "libc++";
				CLANG_LINK_OBJC_RUNTIME = NO;
				CODE_SIGN_IDENTITY = "";
				COMBINE_HIDPI_IMAGES = YES;
				CONFIGURATION_BUILD_DIR = "$(PROJECT_DIR)/build/$(CONFIGURATION)";
				COPY_PHASE_STRIP = NO;
				DEPLOYMENT_LOCATION = YES;
				DSTROOT = /;
				GCC_DYNAMIC_NO_PIC = NO;
				GCC_OPTIMIZATION_LEVEL = 0;
				GCC_PREPROCESSOR_DEFINITIONS = (
					"_DEBUG=1",
					"DEBUG=1",
					"JUCER_XCODE_MAC_F6D2F4CF=1",
					"JUCE_APP_VERSION=1.0.0",
					"JUCE_APP_VERSION_HEX=0x10000",
					"JucePlugin_Build_VST=0",
					"JucePlugin_Build_VST3=0",
					"JucePlugin_Build_AU=1",
					"JucePlugin_Build_AUv3=0",
					"JucePlugin_Build_RTAS=0",
					"JucePlugin_Build_AAX=0",
					"JucePlugin_Build_Standalone=0",
					"JucePlugin_Build_Unity=0",
				);
				GCC_VERSION = com.apple.compilers.llvm.clang.1_0;
				GENERATE_PKGINFO_FILE = YES;
				HEADER_SEARCH_PATHS = (
					"/Users/thethamespond/Downloads/JUCE/modules/juce_audio_processors/format_types/VST3_SDK",
					"../../JuceLibraryCode",
					"/Users/thethamespond/Downloads/JUCE/modules",
					"/Users/thethamespond/Downloads/JUCE/modules/juce_audio_plugin_client",
					"$(inherited)",
				);
				INFOPLIST_FILE = Info-AU.plist;
				INFOPLIST_PREPROCESS = NO;
				INSTALL_PATH = "$(HOME)/Library/Audio/Plug-Ins/Components/";
				LIBRARY_STYLE = Bundle;
				MACOSX_DEPLOYMENT_TARGET = 10.11;
				OTHER_LDFLAGS = "-bundle -lSampleR";
				OTHER_REZFLAGS = "-d ppc_$ppc -d i386_$i386 -d ppc64_$ppc64 -d x86_64_$x86_64 -I /System/Library/Frameworks/CoreServices.framework/Frameworks/CarbonCore.framework/Versions/A/Headers -I \"$(DEVELOPER_DIR)/Extras/CoreAudio/AudioUnits/AUPublic/AUBase\" -I \"$(DEVELOPER_DIR)/Platforms/MacOSX.platform/Developer/SDKs/MacOSX.sdk/System/Library/Frameworks/AudioUnit.framework/Headers\"";
				PRODUCT_BUNDLE_IDENTIFIER = com.MetA.SampleR;
				PRODUCT_NAME = "SampleR";
				USE_HEADERMAP = NO;
				WRAPPER_EXTENSION = component;
			};
			name = Debug;
		};
		C0824FB5C0C126A24595B2E8 = {
			isa = XCBuildConfiguration;
			buildSettings = {
				CLANG_CXX_LANGUAGE_STANDARD = "c++14";
				CLANG_CXX_LIBRARY = "libc++";
				CLANG_LINK_OBJC_RUNTIME = NO;
				CODE_SIGN_IDENTITY = "";
				COMBINE_HIDPI_IMAGES = YES;
				CONFIGURATION_BUILD_DIR = "$(PROJECT_DIR)/build/$(CONFIGURATION)";
				DEAD_CODE_STRIPPING = YES;
				DEPLOYMENT_LOCATION = YES;
				DSTROOT = /;
				GCC_GENERATE_DEBUGGING_SYMBOLS = NO;
				GCC_OPTIMIZATION_LEVEL = 3;
				GCC_PREPROCESSOR_DEFINITIONS = (
					"_NDEBUG=1",
					"NDEBUG=1",
					"JUCER_XCODE_MAC_F6D2F4CF=1",
					"JUCE_APP_VERSION=1.0.0",
					"JUCE_APP_VERSION_HEX=0x10000",
					"JucePlugin_Build_VST=0",
					"JucePlugin_Build_VST3=0",
					"JucePlugin_Build_AU=1",
					"JucePlugin_Build_AUv3=0",
					"JucePlugin_Build_RTAS=0",
					"JucePlugin_Build_AAX=0",
					"JucePlugin_Build_Standalone=0",
					"JucePlugin_Build_Unity=0",
				);
				GCC_VERSION = com.apple.compilers.llvm.clang.1_0;
				GENERATE_PKGINFO_FILE = YES;
				HEADER_SEARCH_PATHS = (
					"/Users/thethamespond/Downloads/JUCE/modules/juce_audio_processors/format_types/VST3_SDK",
					"../../JuceLibraryCode",
					"/Users/thethamespond/Downloads/JUCE/modules",
					"/Users/thethamespond/Downloads/JUCE/modules/juce_audio_plugin_client",
					"$(inherited)",
				);
				INFOPLIST_FILE = Info-AU.plist;
				INFOPLIST_PREPROCESS = NO;
				INSTALL_PATH = "$(HOME)/Library/Audio/Plug-Ins/Components/";
				LIBRARY_STYLE = Bundle;
				LLVM_LTO = YES;
				MACOSX_DEPLOYMENT_TARGET = 10.11;
				OTHER_LDFLAGS = "-bundle -lSampleR";
				OTHER_REZFLAGS = "-d ppc_$ppc -d i386_$i386 -d ppc64_$ppc64 -d x86_64_$x86_64 -I /System/Library/Frameworks/CoreServices.framework/Frameworks/CarbonCore.framework/Versions/A/Headers -I \"$(DEVELOPER_DIR)/Extras/CoreAudio/AudioUnits/AUPublic/AUBase\" -I \"$(DEVELOPER_DIR)/Platforms/MacOSX.platform/Developer/SDKs/MacOSX.sdk/System/Library/Frameworks/AudioUnit.framework/Headers\"";
				PRODUCT_BUNDLE_IDENTIFIER = com.MetA.SampleR;
				PRODUCT_NAME = "SampleR";
				USE_HEADERMAP = NO;
				WRAPPER_EXTENSION = component;
			};
			name = Release;
		};
		0447FEC8449130AA8A09B298 = {
			isa = XCBuildConfiguration;
			buildSettings = {
				CLANG_CXX_LANGUAGE_STANDARD = "c++14";
				CLANG_CXX_LIBRARY = "libc++";
				CLANG_LINK_OBJC_RUNTIME = NO;
				CODE_SIGN_IDENTITY = "";
				COMBINE_HIDPI_IMAGES = YES;
				CONFIGURATION_BUILD_DIR = "$(PROJECT_DIR)/build/$(CONFIGURATION)";
				COPY_PHASE_STRIP = NO;
				GCC_DYNAMIC_NO_PIC = NO;
				GCC_OPTIMIZATION_LEVEL = 0;
				GCC_PREPROCESSOR_DEFINITIONS = (
					"_DEBUG=1",
					"DEBUG=1",
					"JUCER_XCODE_MAC_F6D2F4CF=1",
					"JUCE_APP_VERSION=1.0.0",
					"JUCE_APP_VERSION_HEX=0x10000",
					"JucePlugin_Build_VST=0",
					"JucePlugin_Build_VST3=1",
					"JucePlugin_Build_AU=1",
					"JucePlugin_Build_AUv3=0",
					"JucePlugin_Build_RTAS=0",
					"JucePlugin_Build_AAX=0",
					"JucePlugin_Build_Standalone=0",
					"JucePlugin_Build_Unity=0",
					"JUCE_SHARED_CODE=1",
				);
				GCC_VERSION = com.apple.compilers.llvm.clang.1_0;
				HEADER_SEARCH_PATHS = (
					"/Users/thethamespond/Downloads/JUCE/modules/juce_audio_processors/format_types/VST3_SDK",
					"../../JuceLibraryCode",
					"/Users/thethamespond/Downloads/JUCE/modules",
					"/Users/thethamespond/Downloads/JUCE/modules/juce_audio_plugin_client",
					"$(inherited)",
				);
				INSTALL_PATH = "@executable_path/../Frameworks";
				MACOSX_DEPLOYMENT_TARGET = 10.11;
				PRODUCT_BUNDLE_IDENTIFIER = com.MetA.SampleR;
				PRODUCT_NAME = "SampleR";
				SKIP_INSTALL = YES;
				USE_HEADERMAP = NO;
			};
			name = Debug;
		};
		499110C3A011BA8A29809554 = {
			isa = XCBuildConfiguration;
			buildSettings = {
				CLANG_CXX_LANGUAGE_STANDARD = "c++14";
				CLANG_CXX_LIBRARY = "libc++";
				CLANG_LINK_OBJC_RUNTIME = NO;
				CODE_SIGN_IDENTITY = "";
				COMBINE_HIDPI_IMAGES = YES;
				CONFIGURATION_BUILD_DIR = "$(PROJECT_DIR)/build/$(CONFIGURATION)";
				DEAD_CODE_STRIPPING = YES;
				GCC_GENERATE_DEBUGGING_SYMBOLS = NO;
				GCC_OPTIMIZATION_LEVEL = 3;
				GCC_PREPROCESSOR_DEFINITIONS = (
					"_NDEBUG=1",
					"NDEBUG=1",
					"JUCER_XCODE_MAC_F6D2F4CF=1",
					"JUCE_APP_VERSION=1.0.0",
					"JUCE_APP_VERSION_HEX=0x10000",
					"JucePlugin_Build_VST=0",
					"JucePlugin_Build_VST3=1",
					"JucePlugin_Build_AU=1",
					"JucePlugin_Build_AUv3=0",
					"JucePlugin_Build_RTAS=0",
					"JucePlugin_Build_AAX=0",
					"JucePlugin_Build_Standalone=0",
					"JucePlugin_Build_Unity=0",
					"JUCE_SHARED_CODE=1",
				);
				GCC_VERSION = com.apple.compilers.llvm.clang.1_0;
				HEADER_SEARCH_PATHS = (
					"/Users/thethamespond/Downloads/JUCE/modules/juce_audio_processors/format_types/VST3_SDK",
					"../../JuceLibraryCode",
					"/Users/thethamespond/Downloads/JUCE/modules",
					"/Users/thethamespond/Downloads/JUCE/modules/juce_audio_plugin_client",
					"$(inherited)",
				);
				INSTALL_PATH = "@executable_path/../Frameworks";
				LLVM_LTO = YES;
				MACOSX_DEPLOYMENT_TARGET = 10.11;
				PRODUCT_BUNDLE_IDENTIFIER = com.MetA.SampleR;
				PRODUCT_NAME = "SampleR";
				SKIP_INSTALL = YES;
				USE_HEADERMAP = NO;
			};
			name = Release;
		};
		D14D9CAA682ECE282CAB3646 = {
			isa = XCBuildConfiguration;
			buildSettings = {
				ALWAYS_SEARCH_USER_PATHS = NO;
				CLANG_ENABLE_OBJC_WEAK = YES;
				CLANG_WARN_BLOCK_CAPTURE_AUTORELEASING = YES;
				CLANG_WARN_BOOL_CONVERSION = YES;
				CLANG_WARN_COMMA = YES;
				CLANG_WARN_CONSTANT_CONVERSION = YES;
				CLANG_WARN_DEPRECATED_OBJC_IMPLEMENTATIONS = YES;
				CLANG_WARN_EMPTY_BODY = YES;
				CLANG_WARN_ENUM_CONVERSION = YES;
				CLANG_WARN_INFINITE_RECURSION = YES;
				CLANG_WARN_INT_CONVERSION = YES;
				CLANG_WARN_NON_LITERAL_NULL_CONVERSION = YES;
				CLANG_WARN_OBJC_IMPLICIT_RETAIN_SELF = YES;
				CLANG_WARN_OBJC_LITERAL_CONVERSION = YES;
				CLANG_WARN_RANGE_LOOP_ANALYSIS = YES;
				CLANG_WARN_STRICT_PROTOTYPES = YES;
				CLANG_WARN_SUSPICIOUS_MOVE = YES;
				CLANG_WARN_UNREACHABLE_CODE = YES;
				CLANG_WARN__DUPLICATE_METHOD_MATCH = YES;
				CODE_SIGN_IDENTITY = "";
				DEBUG_INFORMATION_FORMAT = dwarf;
				ENABLE_STRICT_OBJC_MSGSEND = YES;
				ENABLE_TESTABILITY = NO;
				GCC_C_LANGUAGE_STANDARD = c11;
				GCC_INLINES_ARE_PRIVATE_EXTERN = YES;
				GCC_MODEL_TUNING = G5;
				GCC_NO_COMMON_BLOCKS = YES;
				GCC_SYMBOLS_PRIVATE_EXTERN = YES;
				GCC_WARN_64_TO_32_BIT_CONVERSION = YES;
				GCC_WARN_ABOUT_RETURN_TYPE = YES;
				GCC_WARN_CHECK_SWITCH_STATEMENTS = YES;
				GCC_WARN_MISSING_PARENTHESES = YES;
				GCC_WARN_NON_VIRTUAL_DESTRUCTOR = YES;
				GCC_WARN_TYPECHECK_CALLS_TO_PRINTF = YES;
				GCC_WARN_UNDECLARED_SELECTOR = YES;
				GCC_WARN_UNINITIALIZED_AUTOS = YES;
				GCC_WARN_UNUSED_FUNCTION = YES;
				GCC_WARN_UNUSED_VARIABLE = YES;
				ONLY_ACTIVE_ARCH = YES;
				PRODUCT_NAME = "SampleR";
				SDKROOT = macosx;
				WARNING_CFLAGS = "-Wreorder";
				ZERO_LINK = NO;
			};
			name = Debug;
		};
		294786944614194CEAAE7F72 = {
			isa = XCBuildConfiguration;
			buildSettings = {
				ALWAYS_SEARCH_USER_PATHS = NO;
				CLANG_ENABLE_OBJC_WEAK = YES;
				CLANG_WARN_BLOCK_CAPTURE_AUTORELEASING = YES;
				CLANG_WARN_BOOL_CONVERSION = YES;
				CLANG_WARN_COMMA = YES;
				CLANG_WARN_CONSTANT_CONVERSION = YES;
				CLANG_WARN_DEPRECATED_OBJC_IMPLEMENTATIONS = YES;
				CLANG_WARN_EMPTY_BODY = YES;
				CLANG_WARN_ENUM_CONVERSION = YES;
				CLANG_WARN_INFINITE_RECURSION = YES;
				CLANG_WARN_INT_CONVERSION = YES;
				CLANG_WARN_NON_LITERAL_NULL_CONVERSION = YES;
				CLANG_WARN_OBJC_IMPLICIT_RETAIN_SELF = YES;
				CLANG_WARN_OBJC_LITERAL_CONVERSION = YES;
				CLANG_WARN_RANGE_LOOP_ANALYSIS = YES;
				CLANG_WARN_STRICT_PROTOTYPES = YES;
				CLANG_WARN_SUSPICIOUS_MOVE = YES;
				CLANG_WARN_UNREACHABLE_CODE = YES;
				CLANG_WARN__DUPLICATE_METHOD_MATCH = YES;
				CODE_SIGN_IDENTITY = "";
				DEBUG_INFORMATION_FORMAT = dwarf;
				ENABLE_STRICT_OBJC_MSGSEND = YES;
				ENABLE_TESTABILITY = NO;
				GCC_C_LANGUAGE_STANDARD = c11;
				GCC_INLINES_ARE_PRIVATE_EXTERN = YES;
				GCC_MODEL_TUNING = G5;
				GCC_NO_COMMON_BLOCKS = YES;
				GCC_SYMBOLS_PRIVATE_EXTERN = YES;
				GCC_WARN_64_TO_32_BIT_CONVERSION = YES;
				GCC_WARN_ABOUT_RETURN_TYPE = YES;
				GCC_WARN_CHECK_SWITCH_STATEMENTS = YES;
				GCC_WARN_MISSING_PARENTHESES = YES;
				GCC_WARN_NON_VIRTUAL_DESTRUCTOR = YES;
				GCC_WARN_TYPECHECK_CALLS_TO_PRINTF = YES;
				GCC_WARN_UNDECLARED_SELECTOR = YES;
				GCC_WARN_UNINITIALIZED_AUTOS = YES;
				GCC_WARN_UNUSED_FUNCTION = YES;
				GCC_WARN_UNUSED_VARIABLE = YES;
				PRODUCT_NAME = "SampleR";
				SDKROOT = macosx;
				WARNING_CFLAGS = "-Wreorder";
				ZERO_LINK = NO;
			};
			name = Release;
		};
		E9084EB83E9F280B94BE768E = {
			isa = XCConfigurationList;
			buildConfigurations = (
				D14D9CAA682ECE282CAB3646,
				294786944614194CEAAE7F72,
			);
			defaultConfigurationIsVisible = 0;
			defaultConfigurationName = Debug;
		};
		3D9FCF3EE53B5C183272E075 = {
			isa = XCConfigurationList;
			buildConfigurations = (
				051E7C0953F652039389C5A0,
				1F5C394FAEF136FCA421487A,
			);
			defaultConfigurationIsVisible = 0;
			defaultConfigurationName = Debug;
		};
		25AEC96DC74B68F5CDEBF64F = {
			isa = PBXAggregateTarget;
			buildConfigurationList = 3D9FCF3EE53B5C183272E075;
			buildPhases = ( );
			buildRules = ( );
			dependencies = (
				0C1CBB71584AD8AB7D9A9B93,
				E5F1A907236A01E3FC0084A9,
				9D78B39EA17CAC51AFB7EFCE,
			);
			name = "SampleR - All";
			productName = SampleR;
		};
		1C8BA9ACB7153ADD5387FD72 = {
			isa = XCConfigurationList;
			buildConfigurations = (
				A06DC798C4F69E65B73C88F1,
				1D219E8FDE9104FB498E9092,
			);
			defaultConfigurationIsVisible = 0;
			defaultConfigurationName = Debug;
		};
		4501DA1BD89418CB96F0B97D = {
			isa = PBXResourcesBuildPhase;
			buildActionMask = 2147483647;
			files = (
				73554B4EDB925DC4D5A08449,
			);
			runOnlyForDeploymentPostprocessing = 0;
		};
		4F3FCB0D28F8D39074604C56 = {
			isa = PBXSourcesBuildPhase;
			buildActionMask = 2147483647;
			files = (
				E6485110ACE6CF0E0C399B56,
			);
			runOnlyForDeploymentPostprocessing = 0;
		};
		D5FD84E94E616E00DD07DFB5 = {
			isa = PBXFrameworksBuildPhase;
			buildActionMask = 2147483647;
			files = (
				7E904B93ADC9E04948D80689,
				9EF33612620F89C15AAD0F54,
				6ECF8D9F34AEBCD6246E707C,
				21BF9B789AA228EAB515194D,
				7C39B602903FB8E0CF3768CD,
				8EC824D2488B911B462C06C2,
				882D7A6297593A91726306D1,
				D17EDBE54F5726D0E6A2AE8E,
				3A711F03A182EE01E78E23EF,
				073A2238319837C65AD10DFE,
				8FFFB59F7619F67D0A1AB411,
				EAB7A9941167AEAF40E415D6,
			);
			runOnlyForDeploymentPostprocessing = 0;
		};
		D528E705F61CF4187E79F036 = {
			isa = PBXNativeTarget;
			buildConfigurationList = 1C8BA9ACB7153ADD5387FD72;
			buildPhases = (
				4501DA1BD89418CB96F0B97D,
				4F3FCB0D28F8D39074604C56,
				D5FD84E94E616E00DD07DFB5,
			);
			buildRules = ( );
			dependencies = (
				0D747EA85E7FEB820ED8EB1A,
			);
			name = "SampleR - VST3";
			productName = SampleR;
			productReference = 9E16E8C7415D872A54F62BEA;
			productType = "com.apple.product-type.bundle";
		};
		7E5BD12C7B7548F72432529B = {
			isa = XCConfigurationList;
			buildConfigurations = (
				47356137041BF34255475505,
				C0824FB5C0C126A24595B2E8,
			);
			defaultConfigurationIsVisible = 0;
			defaultConfigurationName = Debug;
		};
		0B267487943EF51FBEFD071D = {
			isa = PBXResourcesBuildPhase;
			buildActionMask = 2147483647;
			files = (
				73554B4EDB925DC4D5A08449,
			);
			runOnlyForDeploymentPostprocessing = 0;
		};
		0023DF7FD1681CE962EBDE6E = {
			isa = PBXRezBuildPhase;
			buildActionMask = 2147483647;
			files = (
				300F78C76BFC78C64C0F32F0,
			);
			runOnlyForDeploymentPostprocessing = 0;
		};
		D749A230AE64B8DFA82D1464 = {
			isa = PBXSourcesBuildPhase;
			buildActionMask = 2147483647;
			files = (
				4146E2E4EAF4DAF5E405405E,
				E7A067306F4FB85D6814267E,
			);
			runOnlyForDeploymentPostprocessing = 0;
		};
		8AE46C0FEF5339B8C82E9DEA = {
			isa = PBXFrameworksBuildPhase;
			buildActionMask = 2147483647;
			files = (
				892FEA617B778C48811713F4,
				7E904B93ADC9E04948D80689,
				9EF33612620F89C15AAD0F54,
				6ECF8D9F34AEBCD6246E707C,
				21BF9B789AA228EAB515194D,
				7C39B602903FB8E0CF3768CD,
				8EC824D2488B911B462C06C2,
				882D7A6297593A91726306D1,
				D17EDBE54F5726D0E6A2AE8E,
				3A711F03A182EE01E78E23EF,
				073A2238319837C65AD10DFE,
				8FFFB59F7619F67D0A1AB411,
				EAB7A9941167AEAF40E415D6,
			);
			runOnlyForDeploymentPostprocessing = 0;
		};
		4ADD9CD9A4B9BDC66C471CA1 = {
			isa = PBXNativeTarget;
			buildConfigurationList = 7E5BD12C7B7548F72432529B;
			buildPhases = (
				0B267487943EF51FBEFD071D,
				0023DF7FD1681CE962EBDE6E,
				D749A230AE64B8DFA82D1464,
				8AE46C0FEF5339B8C82E9DEA,
			);
			buildRules = ( );
			dependencies = (
				8655038CA091F3B8B95F3A31,
			);
			name = "SampleR - AU";
			productName = SampleR;
			productReference = 201BCA9F34AF06A34EC45A9C;
			productType = "com.apple.product-type.bundle";
		};
		FB99B5BBBB1680DEF96BFF12 = {
			isa = XCConfigurationList;
			buildConfigurations = (
				0447FEC8449130AA8A09B298,
				499110C3A011BA8A29809554,
			);
			defaultConfigurationIsVisible = 0;
			defaultConfigurationName = Debug;
		};
		58A7E17AB55B2E1DBEF5EA24 = {
			isa = PBXSourcesBuildPhase;
			buildActionMask = 2147483647;
			files = (
				C68C5CF3417F161AD69AC86C,
				8B67D12A0AD2F2635E31A2FD,
				C3411A4572D9D10B86017409,
				718518E011C2F3125DCD2481,
				1F08AF6DF9C6D881A6F2FF70,
				26FBF05DCE4FF0DD19E06658,
				60A68AD44E5EBE9470A18AC6,
				65FF456536F93DC72653E98F,
				A22E61B1615D3903E038F41A,
				0B3D954249CC1FA29ADC0F27,
				B545146481DD23C95F504A94,
				BAEF4F8D09DC5782F27E4148,
				77B417127F980EEB61E3DDA6,
				6A566BFA82D3C15FA74A185A,
				580162A0A7EC9165F9B4ED88,
				42B2458DE993365A2F9FF076,
				8844F4601501A27EDF02CE8B,
				38ACE9C4A2E8A7AE523A15F7,
				12D3DDF4EE87271C2F4CA9EA,
				75B42BBED1D210D18882689B,
			);
			runOnlyForDeploymentPostprocessing = 0;
		};
		80191129EEF359FC39BA5189 = {
			isa = PBXNativeTarget;
			buildConfigurationList = FB99B5BBBB1680DEF96BFF12;
			buildPhases = (
				58A7E17AB55B2E1DBEF5EA24,
			);
			buildRules = ( );
			dependencies = ( );
			name = "SampleR - Shared Code";
			productName = SampleR;
			productReference = BF4E995B49674574304735EC;
			productType = "com.apple.product-type.library.static";
		};
		C852FE72B8B192EF2FDD22D9 = {
			isa = PBXProject;
			buildConfigurationList = E9084EB83E9F280B94BE768E;
			attributes = { LastUpgradeCheck = 1100; ORGANIZATIONNAME = "MetA"; TargetAttributes = { 25AEC96DC74B68F5CDEBF64F = { SystemCapabilities = {com.apple.ApplicationGroups.iOS = { enabled = 0; }; com.apple.InAppPurchase = { enabled = 0; }; com.apple.InterAppAudio = { enabled = 0; }; com.apple.Push = { enabled = 0; }; com.apple.Sandbox = { enabled = 0; }; com.apple.HardenedRuntime = { enabled = 0; }; }; };D528E705F61CF4187E79F036 = { SystemCapabilities = {com.apple.ApplicationGroups.iOS = { enabled = 0; }; com.apple.InAppPurchase = { enabled = 0; }; com.apple.InterAppAudio = { enabled = 0; }; com.apple.Push = { enabled = 0; }; com.apple.Sandbox = { enabled = 0; }; com.apple.HardenedRuntime = { enabled = 0; }; }; };4ADD9CD9A4B9BDC66C471CA1 = { SystemCapabilities = {com.apple.ApplicationGroups.iOS = { enabled = 0; }; com.apple.InAppPurchase = { enabled = 0; }; com.apple.InterAppAudio = { enabled = 0; }; com.apple.Push = { enabled = 0; }; com.apple.Sandbox = { enabled = 0; }; com.apple.HardenedRuntime = { enabled = 0; }; }; };80191129EEF359FC39BA5189 = { SystemCapabilities = {com.apple.ApplicationGroups.iOS = { enabled = 0; }; com.apple.InAppPurchase = { enabled = 0; }; com.apple.InterAppAudio = { enabled = 0; }; com.apple.Push = { enabled = 0; }; com.apple.Sandbox = { enabled = 0; }; com.apple.HardenedRuntime = { enabled = 0; }; }; }; }; };
			compatibilityVersion = "Xcode 3.2";
			hasScannedForEncodings = 0;
			mainGroup = 609C6357DA10EF4DB83E9653;
			projectDirPath = "";
			projectRoot = "";
			targets = (25AEC96DC74B68F5CDEBF64F, D528E705F61CF4187E79F036, 4ADD9CD9A4B9BDC66C471CA1, 80191129EEF359FC39BA5189);
			knownRegions = (en, Base);
		};
	};
	rootObject = C852FE72B8B192EF2FDD22D9;
}
